// !$*UTF8*$!
{
	archiveVersion = 1;
	classes = {
	};
	objectVersion = 46;
	objects = {

/* Begin PBXBuildFile section */
		4C584C181BC050E0005396F2 /* AppDelegate.swift in Sources */ = {isa = PBXBuildFile; fileRef = 4C584C171BC050E0005396F2 /* AppDelegate.swift */; };
		4C584C1A1BC050E0005396F2 /* MasterViewController.swift in Sources */ = {isa = PBXBuildFile; fileRef = 4C584C191BC050E0005396F2 /* MasterViewController.swift */; };
		4C584C1C1BC050E0005396F2 /* DetailViewController.swift in Sources */ = {isa = PBXBuildFile; fileRef = 4C584C1B1BC050E0005396F2 /* DetailViewController.swift */; };
		4C584C1F1BC050E0005396F2 /* Main.storyboard in Resources */ = {isa = PBXBuildFile; fileRef = 4C584C1D1BC050E0005396F2 /* Main.storyboard */; };
		4C584C211BC050E0005396F2 /* Assets.xcassets in Resources */ = {isa = PBXBuildFile; fileRef = 4C584C201BC050E0005396F2 /* Assets.xcassets */; };
		4C584C241BC050E0005396F2 /* LaunchScreen.storyboard in Resources */ = {isa = PBXBuildFile; fileRef = 4C584C221BC050E0005396F2 /* LaunchScreen.storyboard */; };
		4C584C2F1BC050E0005396F2 /* FirstlyTests.swift in Sources */ = {isa = PBXBuildFile; fileRef = 4C584C2E1BC050E0005396F2 /* FirstlyTests.swift */; };
		4C584C3F1BC0520A005396F2 /* DataModel.swift in Sources */ = {isa = PBXBuildFile; fileRef = 4C584C3E1BC0520A005396F2 /* DataModel.swift */; settings = {ASSET_TAGS = (); }; };
		66C823D05BC44E3AA24F80E9 /* Pods.framework in Frameworks */ = {isa = PBXBuildFile; fileRef = E5808DC3EB383F9A91991D9F /* Pods.framework */; settings = {ATTRIBUTES = (Weak, ); }; };
/* End PBXBuildFile section */

/* Begin PBXContainerItemProxy section */
		4C584C2B1BC050E0005396F2 /* PBXContainerItemProxy */ = {
			isa = PBXContainerItemProxy;
			containerPortal = 4C584C0C1BC050E0005396F2 /* Project object */;
			proxyType = 1;
			remoteGlobalIDString = 4C584C131BC050E0005396F2;
			remoteInfo = Firstly;
		};
/* End PBXContainerItemProxy section */

/* Begin PBXFileReference section */
		4C584C141BC050E0005396F2 /* Firstly.app */ = {isa = PBXFileReference; explicitFileType = wrapper.application; includeInIndex = 0; path = Firstly.app; sourceTree = BUILT_PRODUCTS_DIR; };
		4C584C171BC050E0005396F2 /* AppDelegate.swift */ = {isa = PBXFileReference; lastKnownFileType = sourcecode.swift; path = AppDelegate.swift; sourceTree = "<group>"; };
		4C584C191BC050E0005396F2 /* MasterViewController.swift */ = {isa = PBXFileReference; lastKnownFileType = sourcecode.swift; path = MasterViewController.swift; sourceTree = "<group>"; };
		4C584C1B1BC050E0005396F2 /* DetailViewController.swift */ = {isa = PBXFileReference; lastKnownFileType = sourcecode.swift; path = DetailViewController.swift; sourceTree = "<group>"; };
		4C584C1E1BC050E0005396F2 /* Base */ = {isa = PBXFileReference; lastKnownFileType = file.storyboard; name = Base; path = Base.lproj/Main.storyboard; sourceTree = "<group>"; };
		4C584C201BC050E0005396F2 /* Assets.xcassets */ = {isa = PBXFileReference; lastKnownFileType = folder.assetcatalog; path = Assets.xcassets; sourceTree = "<group>"; };
		4C584C231BC050E0005396F2 /* Base */ = {isa = PBXFileReference; lastKnownFileType = file.storyboard; name = Base; path = Base.lproj/LaunchScreen.storyboard; sourceTree = "<group>"; };
		4C584C251BC050E0005396F2 /* Info.plist */ = {isa = PBXFileReference; lastKnownFileType = text.plist.xml; path = Info.plist; sourceTree = "<group>"; };
		4C584C2A1BC050E0005396F2 /* FirstlyTests.xctest */ = {isa = PBXFileReference; explicitFileType = wrapper.cfbundle; includeInIndex = 0; path = FirstlyTests.xctest; sourceTree = BUILT_PRODUCTS_DIR; };
		4C584C2E1BC050E0005396F2 /* FirstlyTests.swift */ = {isa = PBXFileReference; lastKnownFileType = sourcecode.swift; path = FirstlyTests.swift; sourceTree = "<group>"; };
		4C584C301BC050E0005396F2 /* Info.plist */ = {isa = PBXFileReference; lastKnownFileType = text.plist.xml; path = Info.plist; sourceTree = "<group>"; };
		4C584C3E1BC0520A005396F2 /* DataModel.swift */ = {isa = PBXFileReference; fileEncoding = 4; lastKnownFileType = sourcecode.swift; path = DataModel.swift; sourceTree = "<group>"; };
		5A951F3945FDD8A1946FED56 /* Pods.release.xcconfig */ = {isa = PBXFileReference; includeInIndex = 1; lastKnownFileType = text.xcconfig; name = Pods.release.xcconfig; path = "Pods/Target Support Files/Pods/Pods.release.xcconfig"; sourceTree = "<group>"; };
		7BAF16E00DE25BA4A48A9768 /* Pods.debug.xcconfig */ = {isa = PBXFileReference; includeInIndex = 1; lastKnownFileType = text.xcconfig; name = Pods.debug.xcconfig; path = "Pods/Target Support Files/Pods/Pods.debug.xcconfig"; sourceTree = "<group>"; };
		E5808DC3EB383F9A91991D9F /* Pods.framework */ = {isa = PBXFileReference; explicitFileType = wrapper.framework; includeInIndex = 0; path = Pods.framework; sourceTree = BUILT_PRODUCTS_DIR; };
/* End PBXFileReference section */

/* Begin PBXFrameworksBuildPhase section */
		4C584C111BC050E0005396F2 /* Frameworks */ = {
			isa = PBXFrameworksBuildPhase;
			buildActionMask = 2147483647;
			files = (
				66C823D05BC44E3AA24F80E9 /* Pods.framework in Frameworks */,
			);
			runOnlyForDeploymentPostprocessing = 0;
		};
		4C584C271BC050E0005396F2 /* Frameworks */ = {
			isa = PBXFrameworksBuildPhase;
			buildActionMask = 2147483647;
			files = (
			);
			runOnlyForDeploymentPostprocessing = 0;
		};
/* End PBXFrameworksBuildPhase section */

/* Begin PBXGroup section */
		122EDB5E5DCB6D2651568308 /* Pods */ = {
			isa = PBXGroup;
			children = (
				7BAF16E00DE25BA4A48A9768 /* Pods.debug.xcconfig */,
				5A951F3945FDD8A1946FED56 /* Pods.release.xcconfig */,
			);
			name = Pods;
			sourceTree = "<group>";
		};
		3541EFA702CA06882F09FC01 /* Frameworks */ = {
			isa = PBXGroup;
			children = (
				E5808DC3EB383F9A91991D9F /* Pods.framework */,
			);
			name = Frameworks;
			sourceTree = "<group>";
		};
		4C584C0B1BC050E0005396F2 = {
			isa = PBXGroup;
			children = (
				4C584C161BC050E0005396F2 /* Firstly */,
				4C584C2D1BC050E0005396F2 /* FirstlyTests */,
				4C584C151BC050E0005396F2 /* Products */,
				122EDB5E5DCB6D2651568308 /* Pods */,
				3541EFA702CA06882F09FC01 /* Frameworks */,
			);
			sourceTree = "<group>";
		};
		4C584C151BC050E0005396F2 /* Products */ = {
			isa = PBXGroup;
			children = (
				4C584C141BC050E0005396F2 /* Firstly.app */,
				4C584C2A1BC050E0005396F2 /* FirstlyTests.xctest */,
			);
			name = Products;
			sourceTree = "<group>";
		};
		4C584C161BC050E0005396F2 /* Firstly */ = {
			isa = PBXGroup;
			children = (
				4C584C171BC050E0005396F2 /* AppDelegate.swift */,
				4C584C191BC050E0005396F2 /* MasterViewController.swift */,
				4C584C3E1BC0520A005396F2 /* DataModel.swift */,
				4C584C1B1BC050E0005396F2 /* DetailViewController.swift */,
				4C584C1D1BC050E0005396F2 /* Main.storyboard */,
				4C584C201BC050E0005396F2 /* Assets.xcassets */,
				4C584C221BC050E0005396F2 /* LaunchScreen.storyboard */,
				4C584C251BC050E0005396F2 /* Info.plist */,
			);
			path = Firstly;
			sourceTree = "<group>";
		};
		4C584C2D1BC050E0005396F2 /* FirstlyTests */ = {
			isa = PBXGroup;
			children = (
				4C584C2E1BC050E0005396F2 /* FirstlyTests.swift */,
				4C584C301BC050E0005396F2 /* Info.plist */,
			);
			path = FirstlyTests;
			sourceTree = "<group>";
		};
/* End PBXGroup section */

/* Begin PBXNativeTarget section */
		4C584C131BC050E0005396F2 /* Firstly */ = {
			isa = PBXNativeTarget;
			buildConfigurationList = 4C584C331BC050E0005396F2 /* Build configuration list for PBXNativeTarget "Firstly" */;
			buildPhases = (
				C9CCF5A19A5BE40958AAE80B /* Check Pods Manifest.lock */,
				4C584C101BC050E0005396F2 /* Sources */,
				4C584C111BC050E0005396F2 /* Frameworks */,
				4C584C121BC050E0005396F2 /* Resources */,
				70AE4ACF016DF643180B35A2 /* Embed Pods Frameworks */,
				D08EA3BFBDD679DEFA624AD2 /* Copy Pods Resources */,
			);
			buildRules = (
			);
			dependencies = (
			);
			name = Firstly;
			productName = Firstly;
			productReference = 4C584C141BC050E0005396F2 /* Firstly.app */;
			productType = "com.apple.product-type.application";
		};
		4C584C291BC050E0005396F2 /* FirstlyTests */ = {
			isa = PBXNativeTarget;
			buildConfigurationList = 4C584C361BC050E0005396F2 /* Build configuration list for PBXNativeTarget "FirstlyTests" */;
			buildPhases = (
				4C584C261BC050E0005396F2 /* Sources */,
				4C584C271BC050E0005396F2 /* Frameworks */,
				4C584C281BC050E0005396F2 /* Resources */,
			);
			buildRules = (
			);
			dependencies = (
				4C584C2C1BC050E0005396F2 /* PBXTargetDependency */,
			);
			name = FirstlyTests;
			productName = FirstlyTests;
			productReference = 4C584C2A1BC050E0005396F2 /* FirstlyTests.xctest */;
			productType = "com.apple.product-type.bundle.unit-test";
		};
/* End PBXNativeTarget section */

/* Begin PBXProject section */
		4C584C0C1BC050E0005396F2 /* Project object */ = {
			isa = PBXProject;
			attributes = {
				LastUpgradeCheck = 0700;
				ORGANIZATIONNAME = self;
				TargetAttributes = {
					4C584C131BC050E0005396F2 = {
						CreatedOnToolsVersion = 7.0;
						DevelopmentTeam = 3QF9A6C73L;
					};
					4C584C291BC050E0005396F2 = {
						CreatedOnToolsVersion = 7.0;
						TestTargetID = 4C584C131BC050E0005396F2;
					};
				};
			};
			buildConfigurationList = 4C584C0F1BC050E0005396F2 /* Build configuration list for PBXProject "Firstly" */;
			compatibilityVersion = "Xcode 3.2";
			developmentRegion = English;
			hasScannedForEncodings = 0;
			knownRegions = (
				en,
				Base,
			);
			mainGroup = 4C584C0B1BC050E0005396F2;
			productRefGroup = 4C584C151BC050E0005396F2 /* Products */;
			projectDirPath = "";
			projectRoot = "";
			targets = (
				4C584C131BC050E0005396F2 /* Firstly */,
				4C584C291BC050E0005396F2 /* FirstlyTests */,
			);
		};
/* End PBXProject section */

/* Begin PBXResourcesBuildPhase section */
		4C584C121BC050E0005396F2 /* Resources */ = {
			isa = PBXResourcesBuildPhase;
			buildActionMask = 2147483647;
			files = (
				4C584C241BC050E0005396F2 /* LaunchScreen.storyboard in Resources */,
				4C584C211BC050E0005396F2 /* Assets.xcassets in Resources */,
				4C584C1F1BC050E0005396F2 /* Main.storyboard in Resources */,
			);
			runOnlyForDeploymentPostprocessing = 0;
		};
		4C584C281BC050E0005396F2 /* Resources */ = {
			isa = PBXResourcesBuildPhase;
			buildActionMask = 2147483647;
			files = (
			);
			runOnlyForDeploymentPostprocessing = 0;
		};
/* End PBXResourcesBuildPhase section */

/* Begin PBXShellScriptBuildPhase section */
		70AE4ACF016DF643180B35A2 /* Embed Pods Frameworks */ = {
			isa = PBXShellScriptBuildPhase;
			buildActionMask = 2147483647;
			files = (
			);
			inputPaths = (
			);
			name = "Embed Pods Frameworks";
			outputPaths = (
			);
			runOnlyForDeploymentPostprocessing = 0;
			shellPath = /bin/sh;
			shellScript = "\"${SRCROOT}/Pods/Target Support Files/Pods/Pods-frameworks.sh\"\n";
			showEnvVarsInLog = 0;
		};
		C9CCF5A19A5BE40958AAE80B /* Check Pods Manifest.lock */ = {
			isa = PBXShellScriptBuildPhase;
			buildActionMask = 2147483647;
			files = (
			);
			inputPaths = (
			);
			name = "Check Pods Manifest.lock";
			outputPaths = (
			);
			runOnlyForDeploymentPostprocessing = 0;
			shellPath = /bin/sh;
			shellScript = "diff \"${PODS_ROOT}/../Podfile.lock\" \"${PODS_ROOT}/Manifest.lock\" > /dev/null\nif [[ $? != 0 ]] ; then\n    cat << EOM\nerror: The sandbox is not in sync with the Podfile.lock. Run 'pod install' or update your CocoaPods installation.\nEOM\n    exit 1\nfi\n";
			showEnvVarsInLog = 0;
		};
		D08EA3BFBDD679DEFA624AD2 /* Copy Pods Resources */ = {
			isa = PBXShellScriptBuildPhase;
			buildActionMask = 2147483647;
			files = (
			);
			inputPaths = (
			);
			name = "Copy Pods Resources";
			outputPaths = (
			);
			runOnlyForDeploymentPostprocessing = 0;
			shellPath = /bin/sh;
			shellScript = "\"${SRCROOT}/Pods/Target Support Files/Pods/Pods-resources.sh\"\n";
			showEnvVarsInLog = 0;
		};
/* End PBXShellScriptBuildPhase section */

/* Begin PBXSourcesBuildPhase section */
		4C584C101BC050E0005396F2 /* Sources */ = {
			isa = PBXSourcesBuildPhase;
			buildActionMask = 2147483647;
			files = (
				4C584C1C1BC050E0005396F2 /* DetailViewController.swift in Sources */,
				4C584C3F1BC0520A005396F2 /* DataModel.swift in Sources */,
				4C584C1A1BC050E0005396F2 /* MasterViewController.swift in Sources */,
				4C584C181BC050E0005396F2 /* AppDelegate.swift in Sources */,
			);
			runOnlyForDeploymentPostprocessing = 0;
		};
		4C584C261BC050E0005396F2 /* Sources */ = {
			isa = PBXSourcesBuildPhase;
			buildActionMask = 2147483647;
			files = (
				4C584C2F1BC050E0005396F2 /* FirstlyTests.swift in Sources */,
			);
			runOnlyForDeploymentPostprocessing = 0;
		};
/* End PBXSourcesBuildPhase section */

/* Begin PBXTargetDependency section */
		4C584C2C1BC050E0005396F2 /* PBXTargetDependency */ = {
			isa = PBXTargetDependency;
			target = 4C584C131BC050E0005396F2 /* Firstly */;
			targetProxy = 4C584C2B1BC050E0005396F2 /* PBXContainerItemProxy */;
		};
/* End PBXTargetDependency section */

/* Begin PBXVariantGroup section */
		4C584C1D1BC050E0005396F2 /* Main.storyboard */ = {
			isa = PBXVariantGroup;
			children = (
				4C584C1E1BC050E0005396F2 /* Base */,
			);
			name = Main.storyboard;
			sourceTree = "<group>";
		};
		4C584C221BC050E0005396F2 /* LaunchScreen.storyboard */ = {
			isa = PBXVariantGroup;
			children = (
				4C584C231BC050E0005396F2 /* Base */,
			);
			name = LaunchScreen.storyboard;
			sourceTree = "<group>";
		};
/* End PBXVariantGroup section */

/* Begin XCBuildConfiguration section */
		4C584C311BC050E0005396F2 /* Debug */ = {
			isa = XCBuildConfiguration;
			buildSettings = {
				ALWAYS_SEARCH_USER_PATHS = NO;
				CLANG_CXX_LANGUAGE_STANDARD = "gnu++0x";
				CLANG_CXX_LIBRARY = "libc++";
				CLANG_ENABLE_MODULES = YES;
				CLANG_ENABLE_OBJC_ARC = YES;
				CLANG_WARN_BOOL_CONVERSION = YES;
				CLANG_WARN_CONSTANT_CONVERSION = YES;
				CLANG_WARN_DIRECT_OBJC_ISA_USAGE = YES_ERROR;
				CLANG_WARN_EMPTY_BODY = YES;
				CLANG_WARN_ENUM_CONVERSION = YES;
				CLANG_WARN_INT_CONVERSION = YES;
				CLANG_WARN_OBJC_ROOT_CLASS = YES_ERROR;
				CLANG_WARN_UNREACHABLE_CODE = YES;
				CLANG_WARN__DUPLICATE_METHOD_MATCH = YES;
				"CODE_SIGN_IDENTITY[sdk=iphoneos*]" = "iPhone Developer";
				COPY_PHASE_STRIP = NO;
				DEBUG_INFORMATION_FORMAT = dwarf;
				ENABLE_STRICT_OBJC_MSGSEND = YES;
				ENABLE_TESTABILITY = YES;
				GCC_C_LANGUAGE_STANDARD = gnu99;
				GCC_DYNAMIC_NO_PIC = NO;
				GCC_NO_COMMON_BLOCKS = YES;
				GCC_OPTIMIZATION_LEVEL = 0;
				GCC_PREPROCESSOR_DEFINITIONS = (
					"DEBUG=1",
					"$(inherited)",
				);
				GCC_WARN_64_TO_32_BIT_CONVERSION = YES;
				GCC_WARN_ABOUT_RETURN_TYPE = YES_ERROR;
				GCC_WARN_UNDECLARED_SELECTOR = YES;
				GCC_WARN_UNINITIALIZED_AUTOS = YES_AGGRESSIVE;
				GCC_WARN_UNUSED_FUNCTION = YES;
				GCC_WARN_UNUSED_VARIABLE = YES;
				IPHONEOS_DEPLOYMENT_TARGET = 9.0;
				MTL_ENABLE_DEBUG_INFO = YES;
				ONLY_ACTIVE_ARCH = YES;
				SDKROOT = iphoneos;
				SWIFT_OPTIMIZATION_LEVEL = "-Onone";
				TARGETED_DEVICE_FAMILY = "1,2";
			};
			name = Debug;
		};
		4C584C321BC050E0005396F2 /* Release */ = {
			isa = XCBuildConfiguration;
			buildSettings = {
				ALWAYS_SEARCH_USER_PATHS = NO;
				CLANG_CXX_LANGUAGE_STANDARD = "gnu++0x";
				CLANG_CXX_LIBRARY = "libc++";
				CLANG_ENABLE_MODULES = YES;
				CLANG_ENABLE_OBJC_ARC = YES;
				CLANG_WARN_BOOL_CONVERSION = YES;
				CLANG_WARN_CONSTANT_CONVERSION = YES;
				CLANG_WARN_DIRECT_OBJC_ISA_USAGE = YES_ERROR;
				CLANG_WARN_EMPTY_BODY = YES;
				CLANG_WARN_ENUM_CONVERSION = YES;
				CLANG_WARN_INT_CONVERSION = YES;
				CLANG_WARN_OBJC_ROOT_CLASS = YES_ERROR;
				CLANG_WARN_UNREACHABLE_CODE = YES;
				CLANG_WARN__DUPLICATE_METHOD_MATCH = YES;
				"CODE_SIGN_IDENTITY[sdk=iphoneos*]" = "iPhone Developer";
				COPY_PHASE_STRIP = NO;
				DEBUG_INFORMATION_FORMAT = "dwarf-with-dsym";
				ENABLE_NS_ASSERTIONS = NO;
				ENABLE_STRICT_OBJC_MSGSEND = YES;
				GCC_C_LANGUAGE_STANDARD = gnu99;
				GCC_NO_COMMON_BLOCKS = YES;
				GCC_WARN_64_TO_32_BIT_CONVERSION = YES;
				GCC_WARN_ABOUT_RETURN_TYPE = YES_ERROR;
				GCC_WARN_UNDECLARED_SELECTOR = YES;
				GCC_WARN_UNINITIALIZED_AUTOS = YES_AGGRESSIVE;
				GCC_WARN_UNUSED_FUNCTION = YES;
				GCC_WARN_UNUSED_VARIABLE = YES;
				IPHONEOS_DEPLOYMENT_TARGET = 9.0;
				MTL_ENABLE_DEBUG_INFO = NO;
				SDKROOT = iphoneos;
				TARGETED_DEVICE_FAMILY = "1,2";
				VALIDATE_PRODUCT = YES;
			};
			name = Release;
		};
		4C584C341BC050E0005396F2 /* Debug */ = {
			isa = XCBuildConfiguration;
			baseConfigurationReference = 7BAF16E00DE25BA4A48A9768 /* Pods.debug.xcconfig */;
			buildSettings = {
				ASSETCATALOG_COMPILER_APPICON_NAME = AppIcon;
				CODE_SIGN_IDENTITY = "iPhone Developer";
				"CODE_SIGN_IDENTITY[sdk=iphoneos*]" = "iPhone Developer";
				FRAMEWORK_SEARCH_PATHS = (
					"$(inherited)",
					"$(PROJECT_DIR)/Carthage/Build/iOS",
				);
				INFOPLIST_FILE = Firstly/Info.plist;
				LD_RUNPATH_SEARCH_PATHS = "$(inherited) @executable_path/Frameworks";
				PRODUCT_BUNDLE_IDENTIFIER = ru.hack.Firstly;
				PRODUCT_NAME = "$(TARGET_NAME)";
				PROVISIONING_PROFILE = "";
			};
			name = Debug;
		};
		4C584C351BC050E0005396F2 /* Release */ = {
			isa = XCBuildConfiguration;
			baseConfigurationReference = 5A951F3945FDD8A1946FED56 /* Pods.release.xcconfig */;
			buildSettings = {
				ASSETCATALOG_COMPILER_APPICON_NAME = AppIcon;
				CODE_SIGN_IDENTITY = "iPhone Developer";
				"CODE_SIGN_IDENTITY[sdk=iphoneos*]" = "iPhone Developer";
				FRAMEWORK_SEARCH_PATHS = (
					"$(inherited)",
					"$(PROJECT_DIR)/Carthage/Build/iOS",
				);
				INFOPLIST_FILE = Firstly/Info.plist;
				LD_RUNPATH_SEARCH_PATHS = "$(inherited) @executable_path/Frameworks";
				PRODUCT_BUNDLE_IDENTIFIER = ru.hack.Firstly;
				PRODUCT_NAME = "$(TARGET_NAME)";
				PROVISIONING_PROFILE = "";
			};
			name = Release;
		};
		4C584C371BC050E0005396F2 /* Debug */ = {
			isa = XCBuildConfiguration;
			buildSettings = {
				BUNDLE_LOADER = "$(TEST_HOST)";
				INFOPLIST_FILE = FirstlyTests/Info.plist;
				LD_RUNPATH_SEARCH_PATHS = "$(inherited) @executable_path/Frameworks @loader_path/Frameworks";
				PRODUCT_BUNDLE_IDENTIFIER = ru.hack.FirstlyTests;
				PRODUCT_NAME = "$(TARGET_NAME)";
				TEST_HOST = "$(BUILT_PRODUCTS_DIR)/Firstly.app/Firstly";
			};
			name = Debug;
		};
		4C584C381BC050E0005396F2 /* Release */ = {
			isa = XCBuildConfiguration;
			buildSettings = {
				BUNDLE_LOADER = "$(TEST_HOST)";
				INFOPLIST_FILE = FirstlyTests/Info.plist;
				LD_RUNPATH_SEARCH_PATHS = "$(inherited) @executable_path/Frameworks @loader_path/Frameworks";
				PRODUCT_BUNDLE_IDENTIFIER = ru.hack.FirstlyTests;
				PRODUCT_NAME = "$(TARGET_NAME)";
				TEST_HOST = "$(BUILT_PRODUCTS_DIR)/Firstly.app/Firstly";
			};
			name = Release;
		};
/* End XCBuildConfiguration section */

/* Begin XCConfigurationList section */
		4C584C0F1BC050E0005396F2 /* Build configuration list for PBXProject "Firstly" */ = {
			isa = XCConfigurationList;
			buildConfigurations = (
				4C584C311BC050E0005396F2 /* Debug */,
				4C584C321BC050E0005396F2 /* Release */,
			);
			defaultConfigurationIsVisible = 0;
			defaultConfigurationName = Release;
		};
		4C584C331BC050E0005396F2 /* Build configuration list for PBXNativeTarget "Firstly" */ = {
			isa = XCConfigurationList;
			buildConfigurations = (
				4C584C341BC050E0005396F2 /* Debug */,
				4C584C351BC050E0005396F2 /* Release */,
			);
			defaultConfigurationIsVisible = 0;
			defaultConfigurationName = Release;
		};
		4C584C361BC050E0005396F2 /* Build configuration list for PBXNativeTarget "FirstlyTests" */ = {
			isa = XCConfigurationList;
			buildConfigurations = (
				4C584C371BC050E0005396F2 /* Debug */,
				4C584C381BC050E0005396F2 /* Release */,
			);
			defaultConfigurationIsVisible = 0;
			defaultConfigurationName = Release;
		};
/* End XCConfigurationList section */
	};
	rootObject = 4C584C0C1BC050E0005396F2 /* Project object */;
}
